
Microsoft Visual Studio Solution File, Format Version 12.00
# Visual Studio Version 17
VisualStudioVersion = 17.14.36301.6 d17.14
MinimumVisualStudioVersion = 10.0.40219.1
Project("{FAE04EC0-301F-11D3-BF4B-00C04F79EFBC}") = "ConsoleApp1", "ConsoleApp1.csproj", "{EFDB0826-9DA9-48C5-B31A-AAC6247CE88E}"
EndProject
Global
	GlobalSection(SolutionConfigurationPlatforms) = preSolution
		Debug|Any CPU = Debug|Any CPU
		Release|Any CPU = Release|Any CPU
	EndGlobalSection
	GlobalSection(ProjectConfigurationPlatforms) = postSolution
		{EFDB0826-9DA9-48C5-B31A-AAC6247CE88E}.Debug|Any CPU.ActiveCfg = Debug|Any CPU
		{EFDB0826-9DA9-48C5-B31A-AAC6247CE88E}.Debug|Any CPU.Build.0 = Debug|Any CPU
		{EFDB0826-9DA9-48C5-B31A-AAC6247CE88E}.Release|Any CPU.ActiveCfg = Release|Any CPU
		{EFDB0826-9DA9-48C5-B31A-AAC6247CE88E}.Release|Any CPU.Build.0 = Release|Any CPU
	EndGlobalSection
	GlobalSection(SolutionProperties) = preSolution
		HideSolutionNode = FALSE
	EndGlobalSection
	GlobalSection(ExtensibilityGlobals) = postSolution
		SolutionGuid = {6974B174-3CA3-41A2-A247-A552305C4DBB}
	EndGlobalSection
EndGlobal
